{
  "name": "zakuphub-1c-commerce-ml",
  "version": "0.1.0",
  "lockfileVersion": 3,
  "requires": true,
  "packages": {
    "": {
      "name": "zakuphub-1c-commerce-ml",
      "version": "0.1.0",
      "dependencies": {
        "@hono/node-server": "^1.19.6",
        "cloudflared": "^0.7.1",
        "dotenv": "^17.3.1",
        "hono": "^4.10.7"
      },
      "engines": {
        "node": ">=22"
      }
    },
    "node_modules/@hono/node-server": {
      "version": "1.19.14",
      "resolved": "https://registry.npmjs.org/@hono/node-server/-/node-server-1.19.14.tgz",
      "integrity": "sha512-GwtvgtXxnWsucXvbQXkRgqksiH2Qed37H9xHZocE5sA3N8O8O8/8FA3uclQXxXVzc9XBZuEOMK7+r02FmSpHtw==",
      "license": "MIT",
      "engines": {
        "node": ">=18.14.1"
      },
      "peerDependencies": {
        "hono": "^4"
      }
    },
    "node_modules/cloudflared": {
      "version": "0.7.1",
      "resolved": "https://registry.npmjs.org/cloudflared/-/cloudflared-0.7.1.tgz",
      "integrity": "sha512-jJn1Gu9Tf4qnIu8tfiHZ25Hs8rNcRYSVf8zAd97wvYdOCzftm1CTs1S/RPhijjGi8gUT1p9yzfDi9zYlU/0RwA==",
      "hasInstallScript": true,
      "license": "MIT",
      "bin": {
        "cloudflared": "lib/cloudflared.js"
      }
    },
    "node_modules/dotenv": {
      "version": "17.4.2",
      "resolved": "https://registry.npmjs.org/dotenv/-/dotenv-17.4.2.tgz",
      "integrity": "sha512-nI4U3TottKAcAD9LLud4Cb7b2QztQMUEfHbvhTH09bqXTxnSie8WnjPALV/WMCrJZ6UV/qHJ6L03OqO3LcdYZw==",
      "license": "BSD-2-Clause",
      "engines": {
        "node": ">=12"
      },
      "funding": {
        "url": "https://dotenvx.com"
      }
    },
    "node_modules/hono": {
      "version": "4.12.21",
      "resolved": "https://registry.npmjs.org/hono/-/hono-4.12.21.tgz",
      "integrity": "sha512-uV63apnb0kyPtAUwoWgaGh9HyIFcv8lgmzPZSiTBQAFOFGIzka5EZ1dZocmGnn0XdX0+XTqJ6Tqv7selMuGLRQ==",
      "license": "MIT",
      "engines": {
        "node": ">=16.9.0"
      }
    }
  }
}
